# THIS IS AN AUTOGENERATED FILE. DO NOT EDIT THIS FILE DIRECTLY.
# yarn lockfile v1


accepts@~1.3.3:
  version "1.3.3"
  resolved "http://registry.npm.taobao.org/accepts/download/accepts-1.3.3.tgz#c3ca7434938648c3e0d9c1e328dd68b622c284ca"
  dependencies:
    mime-types "~2.1.11"
    negotiator "0.6.1"

array-flatten@1.1.1:
  version "1.1.1"
  resolved "http://registry.npm.taobao.org/array-flatten/download/array-flatten-1.1.1.tgz#9a5f699051b1e7073328f2a008968b64ea2955d2"

asap@~2.0.3:
  version "2.0.5"
  resolved "http://registry.npm.taobao.org/asap/download/asap-2.0.5.tgz#522765b50c3510490e52d7dcfe085ef9ba96958f"

async@^1.5.2:
  version "1.5.2"
  resolved "http://registry.npm.taobao.org/async/download/async-1.5.2.tgz#ec6a61ae56480c0c3cb241c95618e20892f9672a"

body-parser@^1.15.2:
  version "1.15.2"
  resolved "http://registry.npm.taobao.org/body-parser/download/body-parser-1.15.2.tgz#d7578cf4f1d11d5f6ea804cef35dc7a7ff6dae67"
  dependencies:
    bytes "2.4.0"
    content-type "~1.0.2"
    debug "~2.2.0"
    depd "~1.1.0"
    http-errors "~1.5.0"
    iconv-lite "0.4.13"
    on-finished "~2.3.0"
    qs "6.2.0"
    raw-body "~2.1.7"
    type-is "~1.6.13"

buffer-concat@0.0.1:
  version "0.0.1"
  resolved "http://registry.npm.taobao.org/buffer-concat/download/buffer-concat-0.0.1.tgz#43e1e3c77f3d22fb55bea6890a92d03778c4c10a"

buffer-shims@^1.0.0:
  version "1.0.0"
  resolved "http://registry.npm.taobao.org/buffer-shims/download/buffer-shims-1.0.0.tgz#9978ce317388c649ad8793028c3477ef044a8b51"

bytes@2.4.0:
  version "2.4.0"
  resolved "http://registry.npm.taobao.org/bytes/download/bytes-2.4.0.tgz#7d97196f9d5baf7f6935e25985549edd2a6c2339"

caseless@~0.11.0:
  version "0.11.0"
  resolved "http://registry.npm.taobao.org/caseless/download/caseless-0.11.0.tgz#715b96ea9841593cc33067923f5ec60ebda4f7d7"

charenc@~0.0.1:
  version "0.0.2"
  resolved "http://registry.npm.taobao.org/charenc/download/charenc-0.0.2.tgz#c0a1d2f3a7092e03774bfa83f14c0fc5790a8667"

combined-stream@^1.0.5:
  version "1.0.5"
  resolved "http://registry.npm.taobao.org/combined-stream/download/combined-stream-1.0.5.tgz#938370a57b4a51dea2c77c15d5c5fdf895164009"
  dependencies:
    delayed-stream "~1.0.0"

commander@^2.9.0:
  version "2.9.0"
  resolved "http://registry.npm.taobao.org/commander/download/commander-2.9.0.tgz#9c99094176e12240cb22d6c5146098400fe0f7d4"
  dependencies:
    graceful-readlink ">= 1.0.0"

component-emitter@^1.2.0:
  version "1.2.1"
  resolved "http://registry.npm.taobao.org/component-emitter/download/component-emitter-1.2.1.tgz#137918d6d78283f7df7a6b7c5a63e140e69425e6"

concat-stream@^1.4.6, concat-stream@^1.4.7:
  version "1.6.0"
  resolved "http://registry.npm.taobao.org/concat-stream/download/concat-stream-1.6.0.tgz#0aac662fd52be78964d5532f694784e70110acf7"
  dependencies:
    inherits "^2.0.3"
    readable-stream "^2.2.2"
    typedarray "^0.0.6"

content-disposition@0.5.1:
  version "0.5.1"
  resolved "http://registry.npm.taobao.org/content-disposition/download/content-disposition-0.5.1.tgz#87476c6a67c8daa87e32e87616df883ba7fb071b"

content-type@~1.0.2:
  version "1.0.2"
  resolved "http://registry.npm.taobao.org/content-type/download/content-type-1.0.2.tgz#b7d113aee7a8dd27bd21133c4dc2529df1721eed"

cookie-signature@1.0.6:
  version "1.0.6"
  resolved "http://registry.npm.taobao.org/cookie-signature/download/cookie-signature-1.0.6.tgz#e303a882b342cc3ee8ca513a79999734dab3ae2c"

cookie@0.3.1:
  version "0.3.1"
  resolved "http://registry.npm.taobao.org/cookie/download/cookie-0.3.1.tgz#e7e0a1f9ef43b4c8ba925c5c5a96e806d16873bb"

cookiejar@^2.0.6:
  version "2.1.0"
  resolved "http://registry.npm.taobao.org/cookiejar/download/cookiejar-2.1.0.tgz#86549689539b6d0e269b6637a304be508194d898"

core-util-is@~1.0.0:
  version "1.0.2"
  resolved "http://registry.npm.taobao.org/core-util-is/download/core-util-is-1.0.2.tgz#b5fd54220aa2bc5ab57aab7140c940754503c1a7"

crc32@0.2.2:
  version "0.2.2"
  resolved "http://registry.npm.taobao.org/crc32/download/crc32-0.2.2.tgz#7ad220d6ffdcd119f9fc127a7772cacea390a4ba"

crypt@~0.0.1:
  version "0.0.2"
  resolved "http://registry.npm.taobao.org/crypt/download/crypt-0.0.2.tgz#88d7ff7ec0dfb86f713dc87bbb42d044d3e6c41b"

debug@0.7.2:
  version "0.7.2"
  resolved "http://registry.npm.taobao.org/debug/download/debug-0.7.2.tgz#056692c86670977f115de82917918b8e8b9a10f0"

debug@^2.2.0, debug@~2.2.0:
  version "2.2.0"
  resolved "http://registry.npm.taobao.org/debug/download/debug-2.2.0.tgz#f87057e995b1a1f6ae6a4960664137bc56f039da"
  dependencies:
    ms "0.7.1"

delayed-stream@~1.0.0:
  version "1.0.0"
  resolved "http://registry.npm.taobao.org/delayed-stream/download/delayed-stream-1.0.0.tgz#df3ae199acadfb7d440aaae0b29e2272b24ec619"

depd@~1.1.0:
  version "1.1.0"
  resolved "http://registry.npm.taobao.org/depd/download/depd-1.1.0.tgz#e1bd82c6aab6ced965b97b88b17ed3e528ca18c3"

destroy@~1.0.4:
  version "1.0.4"
  resolved "http://registry.npm.taobao.org/destroy/download/destroy-1.0.4.tgz#978857442c44749e4206613e37946205826abd80"

ee-first@1.1.1:
  version "1.1.1"
  resolved "http://registry.npm.taobao.org/ee-first/download/ee-first-1.1.1.tgz#590c61156b0ae2f4f0255732a158b266bc56b21d"

encodeurl@~1.0.1:
  version "1.0.1"
  resolved "http://registry.npm.taobao.org/encodeurl/download/encodeurl-1.0.1.tgz#79e3d58655346909fe6f0f45a5de68103b294d20"

encoding@^0.1.11:
  version "0.1.12"
  resolved "http://registry.npm.taobao.org/encoding/download/encoding-0.1.12.tgz#538b66f3ee62cd1ab51ec323829d1f9480c74beb"
  dependencies:
    iconv-lite "~0.4.13"

escape-html@~1.0.3:
  version "1.0.3"
  resolved "http://registry.npm.taobao.org/escape-html/download/escape-html-1.0.3.tgz#0258eae4d3d0c0974de1c169188ef0051d1d1988"

etag@~1.7.0:
  version "1.7.0"
  resolved "http://registry.npm.taobao.org/etag/download/etag-1.7.0.tgz#03d30b5f67dd6e632d2945d30d6652731a34d5d8"

express@^4.14.0:
  version "4.14.0"
  resolved "http://registry.npm.taobao.org/express/download/express-4.14.0.tgz#c1ee3f42cdc891fb3dc650a8922d51ec847d0d66"
  dependencies:
    accepts "~1.3.3"
    array-flatten "1.1.1"
    content-disposition "0.5.1"
    content-type "~1.0.2"
    cookie "0.3.1"
    cookie-signature "1.0.6"
    debug "~2.2.0"
    depd "~1.1.0"
    encodeurl "~1.0.1"
    escape-html "~1.0.3"
    etag "~1.7.0"
    finalhandler "0.5.0"
    fresh "0.3.0"
    merge-descriptors "1.0.1"
    methods "~1.1.2"
    on-finished "~2.3.0"
    parseurl "~1.3.1"
    path-to-regexp "0.1.7"
    proxy-addr "~1.1.2"
    qs "6.2.0"
    range-parser "~1.2.0"
    send "0.14.1"
    serve-static "~1.11.1"
    type-is "~1.6.13"
    utils-merge "1.0.0"
    vary "~1.1.0"

extend@^3.0.0:
  version "3.0.0"
  resolved "http://registry.npm.taobao.org/extend/download/extend-3.0.0.tgz#5a474353b9f3353ddd8176dfd37b91c83a46f1d4"

finalhandler@0.5.0:
  version "0.5.0"
  resolved "http://registry.npm.taobao.org/finalhandler/download/finalhandler-0.5.0.tgz#e9508abece9b6dba871a6942a1d7911b91911ac7"
  dependencies:
    debug "~2.2.0"
    escape-html "~1.0.3"
    on-finished "~2.3.0"
    statuses "~1.3.0"
    unpipe "~1.0.0"

form-data@1.0.0-rc4:
  version "1.0.0-rc4"
  resolved "http://registry.npm.taobao.org/form-data/download/form-data-1.0.0-rc4.tgz#05ac6bc22227b43e4461f488161554699d4f8b5e"
  dependencies:
    async "^1.5.2"
    combined-stream "^1.0.5"
    mime-types "^2.1.10"

formidable@^1.0.17:
  version "1.0.17"
  resolved "http://registry.npm.taobao.org/formidable/download/formidable-1.0.17.tgz#ef5491490f9433b705faa77249c99029ae348559"

formstream@0.0.7:
  version "0.0.7"
  resolved "http://registry.npm.taobao.org/formstream/download/formstream-0.0.7.tgz#981d0036743596c54820ee3dfb44baca18349788"
  dependencies:
    buffer-concat "0.0.1"
    mime "1.2.9"
    pause-stream ">=0.0.10"

forwarded@~0.1.0:
  version "0.1.0"
  resolved "http://registry.npm.taobao.org/forwarded/download/forwarded-0.1.0.tgz#19ef9874c4ae1c297bcf078fde63a09b66a84363"

fresh@0.3.0:
  version "0.3.0"
  resolved "http://registry.npm.taobao.org/fresh/download/fresh-0.3.0.tgz#651f838e22424e7566de161d8358caa199f83d4f"

"graceful-readlink@>= 1.0.0":
  version "1.0.1"
  resolved "http://registry.npm.taobao.org/graceful-readlink/download/graceful-readlink-1.0.1.tgz#4cafad76bc62f02fa039b2f94e9a3dd3a391a725"

http-basic@^2.5.1:
  version "2.5.1"
  resolved "http://registry.npm.taobao.org/http-basic/download/http-basic-2.5.1.tgz#8ce447bdb5b6c577f8a63e3fa78056ec4bb4dbfb"
  dependencies:
    caseless "~0.11.0"
    concat-stream "^1.4.6"
    http-response-object "^1.0.0"

http-errors@~1.5.0:
  version "1.5.1"
  resolved "http://registry.npm.taobao.org/http-errors/download/http-errors-1.5.1.tgz#788c0d2c1de2c81b9e6e8c01843b6b97eb920750"
  dependencies:
    inherits "2.0.3"
    setprototypeof "1.0.2"
    statuses ">= 1.3.1 < 2"

http-response-object@^1.0.0, http-response-object@^1.0.1, http-response-object@^1.1.0:
  version "1.1.0"
  resolved "http://registry.npm.taobao.org/http-response-object/download/http-response-object-1.1.0.tgz#a7c4e75aae82f3bb4904e4f43f615673b4d518c3"

iconv-lite@0.4.13, iconv-lite@~0.4.13:
  version "0.4.13"
  resolved "http://registry.npm.taobao.org/iconv-lite/download/iconv-lite-0.4.13.tgz#1f88aba4ab0b1508e8312acc39345f36e992e2f2"

inherits@2.0.3, inherits@^2.0.3, inherits@~2.0.1:
  version "2.0.3"
  resolved "http://registry.npm.taobao.org/inherits/download/inherits-2.0.3.tgz#633c2c83e3da42a502f52466022480f4208261de"

ipaddr.js@1.1.1:
  version "1.1.1"
  resolved "http://registry.npm.taobao.org/ipaddr.js/download/ipaddr.js-1.1.1.tgz#c791d95f52b29c1247d5df80ada39b8a73647230"

is-buffer@~1.1.1:
  version "1.1.4"
  resolved "http://registry.npm.taobao.org/is-buffer/download/is-buffer-1.1.4.tgz#cfc86ccd5dc5a52fa80489111c6920c457e2d98b"

is-stream@^1.0.1:
  version "1.1.0"
  resolved "http://registry.npm.taobao.org/is-stream/download/is-stream-1.1.0.tgz#12d4a3dd4e68e0b79ceb8dbc84173ae80d91ca44"

isarray@~1.0.0:
  version "1.0.0"
  resolved "http://registry.npm.taobao.org/isarray/download/isarray-1.0.0.tgz#bb935d48582cba168c06834957a54a3e07124f11"

leancloud-storage@^1.5.3:
  version "1.5.3"
  resolved "http://registry.npm.taobao.org/leancloud-storage/download/leancloud-storage-1.5.3.tgz#c74eb202f8effa7c1b86229bf365e1023c479b7c"
  dependencies:
    debug "^2.2.0"
    localstorage-memory "^1.0.1"
    md5 "^2.0.0"
    qiniu "^6.1.11"
    superagent "^2.0.0"
    underscore "^1.8.3"

localstorage-memory@^1.0.1:
  version "1.0.2"
  resolved "http://registry.npm.taobao.org/localstorage-memory/download/localstorage-memory-1.0.2.tgz#cd4a8f210e55dd519c929f4b4cc82829b58f9a51"

md5@^2.0.0:
  version "2.2.1"
  resolved "http://registry.npm.taobao.org/md5/download/md5-2.2.1.tgz#53ab38d5fe3c8891ba465329ea23fac0540126f9"
  dependencies:
    charenc "~0.0.1"
    crypt "~0.0.1"
    is-buffer "~1.1.1"

media-typer@0.3.0:
  version "0.3.0"
  resolved "http://registry.npm.taobao.org/media-typer/download/media-typer-0.3.0.tgz#8710d7af0aa626f8fffa1ce00168545263255748"

merge-descriptors@1.0.1:
  version "1.0.1"
  resolved "http://registry.npm.taobao.org/merge-descriptors/download/merge-descriptors-1.0.1.tgz#b00aaa556dd8b44568150ec9d1b953f3f90cbb61"

methods@^1.1.1, methods@~1.1.2:
  version "1.1.2"
  resolved "http://registry.npm.taobao.org/methods/download/methods-1.1.2.tgz#5529a4d67654134edcc5266656835b0f851afcee"

mime-db@~1.25.0:
  version "1.25.0"
  resolved "http://registry.npm.taobao.org/mime-db/download/mime-db-1.25.0.tgz#c18dbd7c73a5dbf6f44a024dc0d165a1e7b1c392"

mime-types@^2.1.10, mime-types@~2.1.11, mime-types@~2.1.13:
  version "2.1.13"
  resolved "http://registry.npm.taobao.org/mime-types/download/mime-types-2.1.13.tgz#e07aaa9c6c6b9a7ca3012c69003ad25a39e92a88"
  dependencies:
    mime-db "~1.25.0"

mime@1.2.9:
  version "1.2.9"
  resolved "http://registry.npm.taobao.org/mime/download/mime-1.2.9.tgz#009cd40867bd35de521b3b966f04e2f8d4d13d09"

mime@1.3.4, mime@^1.3.4:
  version "1.3.4"
  resolved "http://registry.npm.taobao.org/mime/download/mime-1.3.4.tgz#115f9e3b6b3daf2959983cb38f149a2d40eb5d53"

ms@0.7.1:
  version "0.7.1"
  resolved "http://registry.npm.taobao.org/ms/download/ms-0.7.1.tgz#9cd13c03adbff25b65effde7ce864ee952017098"

negotiator@0.6.1:
  version "0.6.1"
  resolved "http://registry.npm.taobao.org/negotiator/download/negotiator-0.6.1.tgz#2b327184e8992101177b28563fb5e7102acd0ca9"

node-fetch:
  version "1.6.3"
  resolved "http://registry.npm.taobao.org/node-fetch/download/node-fetch-1.6.3.tgz#dc234edd6489982d58e8f0db4f695029abcd8c04"
  dependencies:
    encoding "^0.1.11"
    is-stream "^1.0.1"

on-finished@~2.3.0:
  version "2.3.0"
  resolved "http://registry.npm.taobao.org/on-finished/download/on-finished-2.3.0.tgz#20f1336481b083cd75337992a16971aa2d906947"
  dependencies:
    ee-first "1.1.1"

parseurl@~1.3.1:
  version "1.3.1"
  resolved "http://registry.npm.taobao.org/parseurl/download/parseurl-1.3.1.tgz#c8ab8c9223ba34888aa64a297b28853bec18da56"

path-to-regexp@0.1.7:
  version "0.1.7"
  resolved "http://registry.npm.taobao.org/path-to-regexp/download/path-to-regexp-0.1.7.tgz#df604178005f522f15eb4490e7247a1bfaa67f8c"

pause-stream@>=0.0.10:
  version "0.0.11"
  resolved "http://registry.npm.taobao.org/pause-stream/download/pause-stream-0.0.11.tgz#fe5a34b0cbce12b5aa6a2b403ee2e73b602f1445"
  dependencies:
    through "~2.3"

process-nextick-args@~1.0.6:
  version "1.0.7"
  resolved "http://registry.npm.taobao.org/process-nextick-args/download/process-nextick-args-1.0.7.tgz#150e20b756590ad3f91093f25a4f2ad8bff30ba3"

promise@^7.1.1:
  version "7.1.1"
  resolved "http://registry.npm.taobao.org/promise/download/promise-7.1.1.tgz#489654c692616b8aa55b0724fa809bb7db49c5bf"
  dependencies:
    asap "~2.0.3"

proxy-addr@~1.1.2:
  version "1.1.2"
  resolved "http://registry.npm.taobao.org/proxy-addr/download/proxy-addr-1.1.2.tgz#b4cc5f22610d9535824c123aef9d3cf73c40ba37"
  dependencies:
    forwarded "~0.1.0"
    ipaddr.js "1.1.1"

qiniu@^6.1.11:
  version "6.1.13"
  resolved "http://registry.npm.taobao.org/qiniu/download/qiniu-6.1.13.tgz#57f5d60974c64d8871d80f27df7d43211ae34f03"
  dependencies:
    crc32 "0.2.2"
    formstream "0.0.7"
    mime "1.2.9"
    sync-request "3.0.1"
    urllib "0.5.1"

qs@6.2.0, qs@^6.1.0:
  version "6.2.0"
  resolved "http://registry.npm.taobao.org/qs/download/qs-6.2.0.tgz#3b7848c03c2dece69a9522b0fae8c4126d745f3b"

range-parser@~1.2.0:
  version "1.2.0"
  resolved "http://registry.npm.taobao.org/range-parser/download/range-parser-1.2.0.tgz#f49be6b487894ddc40dcc94a322f611092e00d5e"

raw-body@~2.1.7:
  version "2.1.7"
  resolved "http://registry.npm.taobao.org/raw-body/download/raw-body-2.1.7.tgz#adfeace2e4fb3098058014d08c072dcc59758774"
  dependencies:
    bytes "2.4.0"
    iconv-lite "0.4.13"
    unpipe "1.0.0"

readable-stream@^2.0.5, readable-stream@^2.2.2:
  version "2.2.2"
  resolved "http://registry.npm.taobao.org/readable-stream/download/readable-stream-2.2.2.tgz#a9e6fec3c7dda85f8bb1b3ba7028604556fc825e"
  dependencies:
    buffer-shims "^1.0.0"
    core-util-is "~1.0.0"
    inherits "~2.0.1"
    isarray "~1.0.0"
    process-nextick-args "~1.0.6"
    string_decoder "~0.10.x"
    util-deprecate "~1.0.1"

send@0.14.1:
  version "0.14.1"
  resolved "http://registry.npm.taobao.org/send/download/send-0.14.1.tgz#a954984325392f51532a7760760e459598c89f7a"
  dependencies:
    debug "~2.2.0"
    depd "~1.1.0"
    destroy "~1.0.4"
    encodeurl "~1.0.1"
    escape-html "~1.0.3"
    etag "~1.7.0"
    fresh "0.3.0"
    http-errors "~1.5.0"
    mime "1.3.4"
    ms "0.7.1"
    on-finished "~2.3.0"
    range-parser "~1.2.0"
    statuses "~1.3.0"

serve-static@~1.11.1:
  version "1.11.1"
  resolved "http://registry.npm.taobao.org/serve-static/download/serve-static-1.11.1.tgz#d6cce7693505f733c759de57befc1af76c0f0805"
  dependencies:
    encodeurl "~1.0.1"
    escape-html "~1.0.3"
    parseurl "~1.3.1"
    send "0.14.1"

setprototypeof@1.0.2:
  version "1.0.2"
  resolved "http://registry.npm.taobao.org/setprototypeof/download/setprototypeof-1.0.2.tgz#81a552141ec104b88e89ce383103ad5c66564d08"

"statuses@>= 1.3.1 < 2", statuses@~1.3.0:
  version "1.3.1"
  resolved "http://registry.npm.taobao.org/statuses/download/statuses-1.3.1.tgz#faf51b9eb74aaef3b3acf4ad5f61abf24cb7b93e"

string_decoder@~0.10.x:
  version "0.10.31"
  resolved "http://registry.npm.taobao.org/string_decoder/download/string_decoder-0.10.31.tgz#62e203bc41766c6c28c9fc84301dab1c5310fa94"

superagent@^2.0.0:
  version "2.3.0"
  resolved "http://registry.npm.taobao.org/superagent/download/superagent-2.3.0.tgz#703529a0714e57e123959ddefbce193b2e50d115"
  dependencies:
    component-emitter "^1.2.0"
    cookiejar "^2.0.6"
    debug "^2.2.0"
    extend "^3.0.0"
    form-data "1.0.0-rc4"
    formidable "^1.0.17"
    methods "^1.1.1"
    mime "^1.3.4"
    qs "^6.1.0"
    readable-stream "^2.0.5"

sync-request@3.0.1:
  version "3.0.1"
  resolved "http://registry.npm.taobao.org/sync-request/download/sync-request-3.0.1.tgz#caa1235aaf889ba501076a1834c436830a82fb73"
  dependencies:
    concat-stream "^1.4.7"
    http-response-object "^1.0.1"
    then-request "^2.0.1"

then-request@^2.0.1:
  version "2.2.0"
  resolved "http://registry.npm.taobao.org/then-request/download/then-request-2.2.0.tgz#6678b32fa0ca218fe569981bbd8871b594060d81"
  dependencies:
    caseless "~0.11.0"
    concat-stream "^1.4.7"
    http-basic "^2.5.1"
    http-response-object "^1.1.0"
    promise "^7.1.1"
    qs "^6.1.0"

through@~2.3:
  version "2.3.8"
  resolved "http://registry.npm.taobao.org/through/download/through-2.3.8.tgz#0dd4c9ffaabc357960b1b724115d7e0e86a2e1f5"

type-is@~1.6.13:
  version "1.6.14"
  resolved "http://registry.npm.taobao.org/type-is/download/type-is-1.6.14.tgz#e219639c17ded1ca0789092dd54a03826b817cb2"
  dependencies:
    media-typer "0.3.0"
    mime-types "~2.1.13"

typedarray@^0.0.6:
  version "0.0.6"
  resolved "http://registry.npm.taobao.org/typedarray/download/typedarray-0.0.6.tgz#867ac74e3864187b1d3d47d996a78ec5c8830777"

underscore@^1.8.3:
  version "1.8.3"
  resolved "http://registry.npm.taobao.org/underscore/download/underscore-1.8.3.tgz#4f3fb53b106e6097fcf9cb4109f2a5e9bdfa5022"

unpipe@1.0.0, unpipe@~1.0.0:
  version "1.0.0"
  resolved "http://registry.npm.taobao.org/unpipe/download/unpipe-1.0.0.tgz#b2bf4ee8514aae6165b4817829d21b2ef49904ec"

urllib@0.5.1:
  version "0.5.1"
  resolved "http://registry.npm.taobao.org/urllib/download/urllib-0.5.1.tgz#9e256b2b703dfe0a59637cb0dbb4308ed571971b"
  dependencies:
    buffer-concat "0.0.1"
    debug "0.7.2"

util-deprecate@~1.0.1:
  version "1.0.2"
  resolved "http://registry.npm.taobao.org/util-deprecate/download/util-deprecate-1.0.2.tgz#450d4dc9fa70de732762fbd2d4a28981419a0ccf"

utils-merge@1.0.0:
  version "1.0.0"
  resolved "http://registry.npm.taobao.org/utils-merge/download/utils-merge-1.0.0.tgz#0294fb922bb9375153541c4f7096231f287c8af8"

vary@~1.1.0:
  version "1.1.0"
  resolved "http://registry.npm.taobao.org/vary/download/vary-1.1.0.tgz#e1e5affbbd16ae768dd2674394b9ad3022653140"
